
Microsoft Visual Studio Solution File, Format Version 12.00
# Visual Studio Version 16
VisualStudioVersion = 16.0.29609.76
MinimumVisualStudioVersion = 10.0.40219.1
Project("{888888A0-9F3D-457C-B088-3A5042F75D52}") = "virustotalapi3", "virustotalapi3.pyproj", "{5CC9B00F-EBDE-483B-8513-0F7B4B5632D6}"
EndProject
Global
	GlobalSection(SolutionConfigurationPlatforms) = preSolution
		Debug|Any CPU = Debug|Any CPU
		Release|Any CPU = Release|Any CPU
	EndGlobalSection
	GlobalSection(ProjectConfigurationPlatforms) = postSolution
		{5CC9B00F-EBDE-483B-8513-0F7B4B5632D6}.Debug|Any CPU.ActiveCfg = Debug|Any CPU
		{5CC9B00F-EBDE-483B-8513-0F7B4B5632D6}.Release|Any CPU.ActiveCfg = Release|Any CPU
	EndGlobalSection
	GlobalSection(SolutionProperties) = preSolution
		HideSolutionNode = FALSE
	EndGlobalSection
	GlobalSection(ExtensibilityGlobals) = postSolution
		SolutionGuid = {EA6919A3-788E-4875-ADE8-775E535A44AC}
	EndGlobalSection
EndGlobal
